Microsoft Visual Studio Solution File, Format Version 12.00
# Visual Studio Version 17
VisualStudioVersion = 17.5.2.0
MinimumVisualStudioVersion = 10.0.40219.1
Project("{FAE04EC0-301F-11D3-BF4B-00C04F79EFBC}") = "EventZen.UserService", "EventZen.UserService.csproj", "{46697619-ECBA-8D4C-E715-B0E8F713DD70}"
EndProject
Global
	GlobalSection(SolutionConfigurationPlatforms) = preSolution
		Debug|Any CPU = Debug|Any CPU
		Release|Any CPU = Release|Any CPU
	EndGlobalSection
	GlobalSection(ProjectConfigurationPlatforms) = postSolution
		{46697619-ECBA-8D4C-E715-B0E8F713DD70}.Debug|Any CPU.ActiveCfg = Debug|Any CPU
		{46697619-ECBA-8D4C-E715-B0E8F713DD70}.Debug|Any CPU.Build.0 = Debug|Any CPU
		{46697619-ECBA-8D4C-E715-B0E8F713DD70}.Release|Any CPU.ActiveCfg = Release|Any CPU
		{46697619-ECBA-8D4C-E715-B0E8F713DD70}.Release|Any CPU.Build.0 = Release|Any CPU
	EndGlobalSection
	GlobalSection(SolutionProperties) = preSolution
		HideSolutionNode = FALSE
	EndGlobalSection
	GlobalSection(ExtensibilityGlobals) = postSolution
		SolutionGuid = {CC1E85AE-123E-44D6-9594-94705CDCEB9B}
	EndGlobalSection
EndGlobal
